
Microsoft Visual Studio Solution File, Format Version 12.00
# Visual Studio Version 16
VisualStudioVersion = 16.0.30128.74
MinimumVisualStudioVersion = 10.0.40219.1
Project("{FAE04EC0-301F-11D3-BF4B-00C04F79EFBC}") = "ExtMethod.ConsoleApp", "ExtMethod.ConsoleApp\ExtMethod.ConsoleApp.csproj", "{7780AF11-115B-4F74-A676-71B5CA159FA2}"
EndProject
Project("{FAE04EC0-301F-11D3-BF4B-00C04F79EFBC}") = "ExtHelper", "ExtHelper\ExtHelper.csproj", "{2BCFDA00-1EFC-46B2-8F50-B38D62F700D9}"
EndProject
Global
	GlobalSection(SolutionConfigurationPlatforms) = preSolution
		Debug|Any CPU = Debug|Any CPU
		Release|Any CPU = Release|Any CPU
	EndGlobalSection
	GlobalSection(ProjectConfigurationPlatforms) = postSolution
		{7780AF11-115B-4F74-A676-71B5CA159FA2}.Debug|Any CPU.ActiveCfg = Debug|Any CPU
		{7780AF11-115B-4F74-A676-71B5CA159FA2}.Debug|Any CPU.Build.0 = Debug|Any CPU
		{7780AF11-115B-4F74-A676-71B5CA159FA2}.Release|Any CPU.ActiveCfg = Release|Any CPU
		{7780AF11-115B-4F74-A676-71B5CA159FA2}.Release|Any CPU.Build.0 = Release|Any CPU
		{2BCFDA00-1EFC-46B2-8F50-B38D62F700D9}.Debug|Any CPU.ActiveCfg = Debug|Any CPU
		{2BCFDA00-1EFC-46B2-8F50-B38D62F700D9}.Debug|Any CPU.Build.0 = Debug|Any CPU
		{2BCFDA00-1EFC-46B2-8F50-B38D62F700D9}.Release|Any CPU.ActiveCfg = Release|Any CPU
		{2BCFDA00-1EFC-46B2-8F50-B38D62F700D9}.Release|Any CPU.Build.0 = Release|Any CPU
	EndGlobalSection
	GlobalSection(SolutionProperties) = preSolution
		HideSolutionNode = FALSE
	EndGlobalSection
	GlobalSection(ExtensibilityGlobals) = postSolution
		SolutionGuid = {DB64AAC2-031A-48FB-B51E-FC57A2017117}
	EndGlobalSection
EndGlobal
